
Microsoft Visual Studio Solution File, Format Version 12.00
Project("{FAE04EC0-301F-11D3-BF4B-00C04F79EFBC}") = "Students.Infrastructure", "Students.Infrastructure\Students.Infrastructure.csproj", "{FA6F104C-7555-4682-A90A-C9E8ABE3A9EF}"
EndProject
Global
	GlobalSection(SolutionConfigurationPlatforms) = preSolution
		Debug|Any CPU = Debug|Any CPU
		Release|Any CPU = Release|Any CPU
	EndGlobalSection
	GlobalSection(ProjectConfigurationPlatforms) = postSolution
		{FA6F104C-7555-4682-A90A-C9E8ABE3A9EF}.Debug|Any CPU.ActiveCfg = Debug|Any CPU
		{FA6F104C-7555-4682-A90A-C9E8ABE3A9EF}.Debug|Any CPU.Build.0 = Debug|Any CPU
		{FA6F104C-7555-4682-A90A-C9E8ABE3A9EF}.Release|Any CPU.ActiveCfg = Release|Any CPU
		{FA6F104C-7555-4682-A90A-C9E8ABE3A9EF}.Release|Any CPU.Build.0 = Release|Any CPU
	EndGlobalSection
EndGlobal
